
Microsoft Visual Studio Solution File, Format Version 12.00
# Visual Studio Version 16
VisualStudioVersion = 16.0.31005.135
MinimumVisualStudioVersion = 10.0.40219.1
Project("{FAE04EC0-301F-11D3-BF4B-00C04F79EFBC}") = "ConsoleApp1", "ConsoleApp1.csproj", "{FC47A057-C193-444E-841C-BFA18A3E1CBF}"
EndProject
Global
	GlobalSection(SolutionConfigurationPlatforms) = preSolution
		Debug|Any CPU = Debug|Any CPU
		Release|Any CPU = Release|Any CPU
	EndGlobalSection
	GlobalSection(ProjectConfigurationPlatforms) = postSolution
		{FC47A057-C193-444E-841C-BFA18A3E1CBF}.Debug|Any CPU.ActiveCfg = Debug|Any CPU
		{FC47A057-C193-444E-841C-BFA18A3E1CBF}.Debug|Any CPU.Build.0 = Debug|Any CPU
		{FC47A057-C193-444E-841C-BFA18A3E1CBF}.Release|Any CPU.ActiveCfg = Release|Any CPU
		{FC47A057-C193-444E-841C-BFA18A3E1CBF}.Release|Any CPU.Build.0 = Release|Any CPU
	EndGlobalSection
	GlobalSection(SolutionProperties) = preSolution
		HideSolutionNode = FALSE
	EndGlobalSection
	GlobalSection(ExtensibilityGlobals) = postSolution
		SolutionGuid = {9576D33D-0EBF-42BE-9E61-9B6CFCB162CF}
	EndGlobalSection
EndGlobal
